
Microsoft Visual Studio Solution File, Format Version 12.00
# Visual Studio Version 17
VisualStudioVersion = 17.7.34024.191
MinimumVisualStudioVersion = 10.0.40219.1
Project("{2150E333-8FDC-42A3-9474-1A3956D46DE8}") = "Solution Items", "Solution Items", "{17C175B6-DD97-48AD-8C9E-F39D6B587564}"
	ProjectSection(SolutionItems) = preProject
		WSTEP.txt = WSTEP.txt
	EndProjectSection
EndProject
Project("{2150E333-8FDC-42A3-9474-1A3956D46DE8}") = "Dokumenty", "Dokumenty", "{109C0368-3425-4AF4-BD02-2B00551A5487}"
	ProjectSection(SolutionItems) = preProject
		Dokumenty\Brak kontroloek w Toolboxie.txt = Dokumenty\Brak kontroloek w Toolboxie.txt
		Dokumenty\Logowanie_VS_do_GIT.docx = Dokumenty\Logowanie_VS_do_GIT.docx
		Dokumenty\NU1101.txt = Dokumenty\NU1101.txt
		Dokumenty\Obsluga_GIT_z_VS.docx = Dokumenty\Obsluga_GIT_z_VS.docx
		Dokumenty\Przygotowanie repozytorium.docx = Dokumenty\Przygotowanie repozytorium.docx
		Dokumenty\VS_blank_solution.docx = Dokumenty\VS_blank_solution.docx
		Dokumenty\Zmiana języka Visual Studio.docx = Dokumenty\Zmiana języka Visual Studio.docx
	EndProjectSection
EndProject
Project("{2150E333-8FDC-42A3-9474-1A3956D46DE8}") = "Semestr 1", "Semestr 1", "{4F8C918E-0984-4230-87EF-A8ED84BB633D}"
EndProject
Project("{2150E333-8FDC-42A3-9474-1A3956D46DE8}") = "Lekcje", "Lekcje", "{17402526-5574-491B-950F-B22BDD6B6C90}"
EndProject
Project("{2150E333-8FDC-42A3-9474-1A3956D46DE8}") = "Lekcja_01", "Lekcja_01", "{4B14F1F7-2D28-44EB-B9A6-6272D6AE8947}"
EndProject
Project("{2150E333-8FDC-42A3-9474-1A3956D46DE8}") = "Lekcja_02", "Lekcja_02", "{0E31FCEC-0DE8-4DDB-811C-6609285597D7}"
EndProject
Project("{2150E333-8FDC-42A3-9474-1A3956D46DE8}") = "Lekcja_03", "Lekcja_03", "{8C042D19-B67B-481B-AD1F-E3B8BB9603AE}"
EndProject
Project("{2150E333-8FDC-42A3-9474-1A3956D46DE8}") = "Lekcja_04", "Lekcja_04", "{33D30358-D660-450F-BF4A-9F072475BA71}"
EndProject
Project("{2150E333-8FDC-42A3-9474-1A3956D46DE8}") = "Lekcja_05", "Lekcja_05", "{C1826155-233D-4A8F-A556-04DDA624CDF5}"
EndProject
Project("{9A19103F-16F7-4668-BE54-9A1E7A4F7556}") = "Lekcja_05", "Semestr 1\Lekcje\Lekcja_05\Lekcja_05\Lekcja_05.csproj", "{69BFD7C3-6DE2-4848-A451-57B4D87E11D3}"
EndProject
Project("{9A19103F-16F7-4668-BE54-9A1E7A4F7556}") = "Lekcja_04", "Semestr 1\Lekcje\Lekcja_04\Lekcja_04\Lekcja_04.csproj", "{9DF79927-29FA-430B-8884-36D5617F1C2F}"
EndProject
Project("{9A19103F-16F7-4668-BE54-9A1E7A4F7556}") = "Lekcja_03", "Semestr 1\Lekcje\Lekcja_03\Lekcja_03\Lekcja_03.csproj", "{24EF4F6C-05C1-44D9-A1AC-FD5513187551}"
EndProject
Project("{9A19103F-16F7-4668-BE54-9A1E7A4F7556}") = "Lekcja_03.Core", "Semestr 1\Lekcje\Lekcja_03\Lekcja_03.Core\Lekcja_03.Core.csproj", "{6190770E-A315-4B41-BD95-E00CDAFB53A5}"
EndProject
Project("{9A19103F-16F7-4668-BE54-9A1E7A4F7556}") = "Lekcja_03.Shared", "Semestr 1\Lekcje\Lekcja_03\Lekcja_03.Shared\Lekcja_03.Shared.csproj", "{5A566695-9D5D-4CE6-9983-9BC9380F2729}"
EndProject
Project("{9A19103F-16F7-4668-BE54-9A1E7A4F7556}") = "Lekcja_02_Przyklady", "Semestr 1\Lekcje\Lekcja_02\Lekcja_02_Przyklady\Lekcja_02_Przyklady.csproj", "{95CB5E5E-443A-414F-8BCE-BA755A18939A}"
EndProject
Project("{9A19103F-16F7-4668-BE54-9A1E7A4F7556}") = "Lekcja_01_delegaty_Przyklad_0", "Semestr 1\Lekcje\Lekcja_01\Lekcja_01_delegaty_Przyklad_0\Lekcja_01_delegaty_Przyklad_0.csproj", "{F600237C-D2D8-4E78-B315-B2214592E705}"
EndProject
Project("{9A19103F-16F7-4668-BE54-9A1E7A4F7556}") = "Lekcja_01_delegaty_Przyklad_1", "Semestr 1\Lekcje\Lekcja_01\Lekcja_01_delegaty_Przyklad_1\Lekcja_01_delegaty_Przyklad_1.csproj", "{17B7F91A-361C-4AB8-9D11-1C96C50D954A}"
EndProject
Project("{9A19103F-16F7-4668-BE54-9A1E7A4F7556}") = "Lekcja_01_delegaty_Przyklad_2", "Semestr 1\Lekcje\Lekcja_01\Lekcja_01_delegaty_Przyklad_2\Lekcja_01_delegaty_Przyklad_2.csproj", "{5E504862-862E-4E0A-8B47-E6EF4A146C13}"
EndProject
Project("{9A19103F-16F7-4668-BE54-9A1E7A4F7556}") = "Lekcja_01_delegaty_Przyklad_3", "Semestr 1\Lekcje\Lekcja_01\Lekcja_01_delegaty_Przyklad_3\Lekcja_01_delegaty_Przyklad_3.csproj", "{B744DAA9-4A0A-4B85-9232-15482E75FE5D}"
EndProject
Project("{9A19103F-16F7-4668-BE54-9A1E7A4F7556}") = "Lekcja_01_delegaty_Przyklad_4", "Semestr 1\Lekcje\Lekcja_01\Lekcja_01_delegaty_Przyklad_4\Lekcja_01_delegaty_Przyklad_4.csproj", "{D73F72BD-6F59-460B-A88A-887390CCED7F}"
EndProject
Project("{2150E333-8FDC-42A3-9474-1A3956D46DE8}") = "Projekt", "Projekt", "{95E6CEFF-8C62-483C-83B8-727626D13168}"
EndProject
Project("{2150E333-8FDC-42A3-9474-1A3956D46DE8}") = "Etap_01", "Etap_01", "{46B2B022-FBA1-46AD-96D7-BE0E6CADDB43}"
	ProjectSection(SolutionItems) = preProject
		Semestr 1\Projekt\Etap_01\01_UI.png = Semestr 1\Projekt\Etap_01\01_UI.png
		Semestr 1\Projekt\Etap_01\01_wytyczne.txt = Semestr 1\Projekt\Etap_01\01_wytyczne.txt
	EndProjectSection
EndProject
Project("{2150E333-8FDC-42A3-9474-1A3956D46DE8}") = "Etap_02", "Etap_02", "{0F9EF54F-553E-47F2-B256-E601C256D9CA}"
	ProjectSection(SolutionItems) = preProject
		Semestr 1\Projekt\Etap_02\02_wytyczne.txt = Semestr 1\Projekt\Etap_02\02_wytyczne.txt
		Semestr 1\Projekt\Etap_02\cleanarchitecture.png = Semestr 1\Projekt\Etap_02\cleanarchitecture.png
	EndProjectSection
EndProject
Project("{2150E333-8FDC-42A3-9474-1A3956D46DE8}") = "Etap_03", "Etap_03", "{03DD3D26-E821-483A-B290-2A31F787463D}"
	ProjectSection(SolutionItems) = preProject
		Semestr 1\Projekt\Etap_03\03_1_interfejs.png = Semestr 1\Projekt\Etap_03\03_1_interfejs.png
		Semestr 1\Projekt\Etap_03\03_2_iloscinformacji.jpg = Semestr 1\Projekt\Etap_03\03_2_iloscinformacji.jpg
		Semestr 1\Projekt\Etap_03\03_3_entropia.jpg = Semestr 1\Projekt\Etap_03\03_3_entropia.jpg
		Semestr 1\Projekt\Etap_03\03_4_pantadeusz.txt = Semestr 1\Projekt\Etap_03\03_4_pantadeusz.txt
		Semestr 1\Projekt\Etap_03\03_5_pantadeusz_statystyki.txt = Semestr 1\Projekt\Etap_03\03_5_pantadeusz_statystyki.txt
		Semestr 1\Projekt\Etap_03\03_6_wynikdzialania.png = Semestr 1\Projekt\Etap_03\03_6_wynikdzialania.png
		Semestr 1\Projekt\Etap_03\03_wytyczne.txt = Semestr 1\Projekt\Etap_03\03_wytyczne.txt
		Semestr 1\Projekt\Etap_03\BaseTextStatisticsService.cs = Semestr 1\Projekt\Etap_03\BaseTextStatisticsService.cs
		Semestr 1\Projekt\Etap_03\ITextStatisticsService.cs = Semestr 1\Projekt\Etap_03\ITextStatisticsService.cs
		Semestr 1\Projekt\Etap_03\SymbolPrintingData.cs = Semestr 1\Projekt\Etap_03\SymbolPrintingData.cs
		Semestr 1\Projekt\Etap_03\SymbolStatisticsData.cs = Semestr 1\Projekt\Etap_03\SymbolStatisticsData.cs
		Semestr 1\Projekt\Etap_03\TextPrintingData.cs = Semestr 1\Projekt\Etap_03\TextPrintingData.cs
		Semestr 1\Projekt\Etap_03\TextStatisticsData.cs = Semestr 1\Projekt\Etap_03\TextStatisticsData.cs
	EndProjectSection
EndProject
Project("{2150E333-8FDC-42A3-9474-1A3956D46DE8}") = "Etap_04", "Etap_04", "{2BC74C18-D3A0-46E0-B74D-BAEE221CC50F}"
	ProjectSection(SolutionItems) = preProject
		Semestr 1\Projekt\Etap_04\04_wytyczne.txt = Semestr 1\Projekt\Etap_04\04_wytyczne.txt
		Semestr 1\Projekt\Etap_04\04_zadanie_domowe.txt = Semestr 1\Projekt\Etap_04\04_zadanie_domowe.txt
	EndProjectSection
EndProject
Project("{2150E333-8FDC-42A3-9474-1A3956D46DE8}") = "Etap_05", "Etap_05", "{CC3841EC-8C89-4DFD-9218-4E95BCBA62D6}"
	ProjectSection(SolutionItems) = preProject
		Semestr 1\Projekt\Etap_05\05_wytyczne.txt = Semestr 1\Projekt\Etap_05\05_wytyczne.txt
	EndProjectSection
EndProject
Project("{2150E333-8FDC-42A3-9474-1A3956D46DE8}") = "Etap_06", "Etap_06", "{76CEBDCE-1250-42AA-9666-4A7242DF6572}"
	ProjectSection(SolutionItems) = preProject
		Semestr 1\Projekt\Etap_06\06_wytyczne.txt = Semestr 1\Projekt\Etap_06\06_wytyczne.txt
	EndProjectSection
EndProject
Project("{2150E333-8FDC-42A3-9474-1A3956D46DE8}") = "Etap_07", "Etap_07", "{C2052873-6911-46F8-858D-7605488F1727}"
	ProjectSection(SolutionItems) = preProject
		Semestr 1\Projekt\Etap_07\07_wytyczne.txt = Semestr 1\Projekt\Etap_07\07_wytyczne.txt
		Semestr 1\Projekt\Etap_07\CompressForm.cs = Semestr 1\Projekt\Etap_07\CompressForm.cs
		Semestr 1\Projekt\Etap_07\CompressFormPresenter.cs = Semestr 1\Projekt\Etap_07\CompressFormPresenter.cs
		Semestr 1\Projekt\Etap_07\DecompressForm.cs = Semestr 1\Projekt\Etap_07\DecompressForm.cs
		Semestr 1\Projekt\Etap_07\DecompressFormPresenter.cs = Semestr 1\Projekt\Etap_07\DecompressFormPresenter.cs
	EndProjectSection
EndProject
Project("{2150E333-8FDC-42A3-9474-1A3956D46DE8}") = "Etap_08", "Etap_08", "{4D72A2D1-F115-44D9-A3F5-A37542F26170}"
	ProjectSection(SolutionItems) = preProject
		Semestr 1\Projekt\Etap_08\08_wytyczne.txt = Semestr 1\Projekt\Etap_08\08_wytyczne.txt
	EndProjectSection
EndProject
Project("{2150E333-8FDC-42A3-9474-1A3956D46DE8}") = "Etap_09", "Etap_09", "{BF83DEED-6F7A-4949-81EB-B3F10CB90ADD}"
	ProjectSection(SolutionItems) = preProject
		Semestr 1\Projekt\Etap_09\09_wytyczne.txt = Semestr 1\Projekt\Etap_09\09_wytyczne.txt
	EndProjectSection
EndProject
Project("{2150E333-8FDC-42A3-9474-1A3956D46DE8}") = "Rozwiazanie", "Rozwiazanie", "{A07AAF7E-CA90-489E-B3C8-3838561FB77A}"
EndProject
Project("{9A19103F-16F7-4668-BE54-9A1E7A4F7556}") = "Projekt_01_Etap_01_Rozwiazanie", "Semestr 1\Projekt\Etap_01\Rozwiazanie\Projekt_01_Etap_01_Rozwiazanie\Projekt_01_Etap_01_Rozwiazanie.csproj", "{91AC4132-6658-4811-83C6-1D5707A833F4}"
EndProject
Project("{2150E333-8FDC-42A3-9474-1A3956D46DE8}") = "Rozwiazanie", "Rozwiazanie", "{383C258E-A468-4FB7-B366-ABD4D1919A0B}"
EndProject
Project("{9A19103F-16F7-4668-BE54-9A1E7A4F7556}") = "Projekt_01_Etap_02_Rozwiazanie", "Semestr 1\Projekt\Etap_02\Rozwiazanie\Projekt_01_Etap_02_Rozwiazanie\Projekt_01_Etap_02_Rozwiazanie.csproj", "{41FB7FA0-D3A3-4E15-BDB7-F88B6FBD5278}"
EndProject
Project("{9A19103F-16F7-4668-BE54-9A1E7A4F7556}") = "Projekt_01_Etap_02_Rozwiazanie.Core", "Semestr 1\Projekt\Etap_02\Rozwiazanie\Projekt_01_Etap_02_Rozwiazanie.Core\Projekt_01_Etap_02_Rozwiazanie.Core.csproj", "{6B8BFFF8-AFE1-4722-A3C7-E312D8937BCC}"
EndProject
Project("{9A19103F-16F7-4668-BE54-9A1E7A4F7556}") = "Projekt_01_Etap_02_Rozwiazanie.Shared", "Semestr 1\Projekt\Etap_02\Rozwiazanie\Projekt_01_Etap_02_Rozwiazanie.Shared\Projekt_01_Etap_02_Rozwiazanie.Shared.csproj", "{C463CF65-1921-4A5E-85F7-85041CF207D6}"
EndProject
Project("{2150E333-8FDC-42A3-9474-1A3956D46DE8}") = "Rozwiazanie", "Rozwiazanie", "{2620227D-A271-47DD-9178-A7968AC5992A}"
EndProject
Project("{9A19103F-16F7-4668-BE54-9A1E7A4F7556}") = "Projekt_01_Etap_03_Rozwiazanie", "Semestr 1\Projekt\Etap_03\Rozwiazanie\Projekt_01_Etap_03_Rozwiazanie\Projekt_01_Etap_03_Rozwiazanie.csproj", "{3FA58C46-EF49-46BC-884D-3F65956B11C1}"
EndProject
Project("{9A19103F-16F7-4668-BE54-9A1E7A4F7556}") = "Projekt_01_Etap_03_Rozwiazanie.Core", "Semestr 1\Projekt\Etap_03\Rozwiazanie\Projekt_01_Etap_03_Rozwiazanie.Core\Projekt_01_Etap_03_Rozwiazanie.Core.csproj", "{BEBDB74D-0782-4D47-A5DE-D39AC3B9A510}"
EndProject
Project("{9A19103F-16F7-4668-BE54-9A1E7A4F7556}") = "Projekt_01_Etap_03_Rozwiazanie.Shared", "Semestr 1\Projekt\Etap_03\Rozwiazanie\Projekt_01_Etap_03_Rozwiazanie.Shared\Projekt_01_Etap_03_Rozwiazanie.Shared.csproj", "{4A703581-73D4-46B2-8D4C-F1543BB7E054}"
EndProject
Project("{2150E333-8FDC-42A3-9474-1A3956D46DE8}") = "Rozwiazanie", "Rozwiazanie", "{C9FE79F6-BB15-471B-946A-C4DE08DC2890}"
EndProject
Project("{9A19103F-16F7-4668-BE54-9A1E7A4F7556}") = "Projekt_01_Etap_04_Rozwiazanie", "Semestr 1\Projekt\Etap_04\Rozwiazanie\Projekt_01_Etap_04_Rozwiazanie\Projekt_01_Etap_04_Rozwiazanie.csproj", "{01E1D788-E463-4F7B-985B-D16BD732F4FF}"
EndProject
Project("{9A19103F-16F7-4668-BE54-9A1E7A4F7556}") = "Projekt_01_Etap_04_Rozwiazanie.Core", "Semestr 1\Projekt\Etap_04\Rozwiazanie\Projekt_01_Etap_04_Rozwiazanie.Core\Projekt_01_Etap_04_Rozwiazanie.Core.csproj", "{20383A85-8B44-46E3-853E-22796909F390}"
EndProject
Project("{9A19103F-16F7-4668-BE54-9A1E7A4F7556}") = "Projekt_01_Etap_04_Rozwiazanie.Shared", "Semestr 1\Projekt\Etap_04\Rozwiazanie\Projekt_01_Etap_04_Rozwiazanie.Shared\Projekt_01_Etap_04_Rozwiazanie.Shared.csproj", "{927B7ED6-C493-406D-AB1A-9BB7B81AA3BE}"
EndProject
Project("{2150E333-8FDC-42A3-9474-1A3956D46DE8}") = "Rozwiazanie", "Rozwiazanie", "{86550F3F-DD14-46D1-808F-DE86A3DA18DE}"
EndProject
Project("{9A19103F-16F7-4668-BE54-9A1E7A4F7556}") = "Projekt_01_Etap_05_Rozwiazanie", "Semestr 1\Projekt\Etap_05\Rozwiazanie\Projekt_01_Etap_05_Rozwiazanie\Projekt_01_Etap_05_Rozwiazanie.csproj", "{9EF1A87A-A1DC-423E-8412-99417A3C45CC}"
EndProject
Project("{9A19103F-16F7-4668-BE54-9A1E7A4F7556}") = "Projekt_01_Etap_05_Rozwiazanie.Core", "Semestr 1\Projekt\Etap_05\Rozwiazanie\Projekt_01_Etap_05_Rozwiazanie.Core\Projekt_01_Etap_05_Rozwiazanie.Core.csproj", "{4B69A063-9540-40D9-8E9E-3D642DC1EA4D}"
EndProject
Project("{9A19103F-16F7-4668-BE54-9A1E7A4F7556}") = "Projekt_01_Etap_05_Rozwiazanie.Shared", "Semestr 1\Projekt\Etap_05\Rozwiazanie\Projekt_01_Etap_05_Rozwiazanie.Shared\Projekt_01_Etap_05_Rozwiazanie.Shared.csproj", "{EBB4D495-6684-4D90-B0A2-CC37F8A2EA6B}"
EndProject
Project("{2150E333-8FDC-42A3-9474-1A3956D46DE8}") = "Rozwiazanie", "Rozwiazanie", "{B1956D27-E89C-4D82-83B6-4422C62D35E1}"
EndProject
Project("{9A19103F-16F7-4668-BE54-9A1E7A4F7556}") = "Projekt_01_Etap_06_Rozwiazanie", "Semestr 1\Projekt\Etap_06\Rozwiazanie\Projekt_01_Etap_06_Rozwiazanie\Projekt_01_Etap_06_Rozwiazanie.csproj", "{D8E799B1-17ED-4B7D-A4F9-169E2C38244E}"
EndProject
Project("{9A19103F-16F7-4668-BE54-9A1E7A4F7556}") = "Projekt_01_Etap_06_Rozwiazanie.Core", "Semestr 1\Projekt\Etap_06\Rozwiazanie\Projekt_01_Etap_06_Rozwiazanie.Core\Projekt_01_Etap_06_Rozwiazanie.Core.csproj", "{28DBCADB-CE72-4041-AEA6-692D1FA5A405}"
EndProject
Project("{9A19103F-16F7-4668-BE54-9A1E7A4F7556}") = "Projekt_01_Etap_06_Rozwiazanie.Shared", "Semestr 1\Projekt\Etap_06\Rozwiazanie\Projekt_01_Etap_06_Rozwiazanie.Shared\Projekt_01_Etap_06_Rozwiazanie.Shared.csproj", "{4A41E825-DD2E-4E31-A041-03DBC9725754}"
EndProject
Project("{2150E333-8FDC-42A3-9474-1A3956D46DE8}") = "Rozwiazanie", "Rozwiazanie", "{F35A6C69-7DAA-43FE-A6F3-564C2B138AB8}"
EndProject
Project("{9A19103F-16F7-4668-BE54-9A1E7A4F7556}") = "Projekt_01_Etap_07_Rozwiazanie", "Semestr 1\Projekt\Etap_07\Rozwiazanie\Projekt_01_Etap_07_Rozwiazanie\Projekt_01_Etap_07_Rozwiazanie.csproj", "{B5FD2AF1-04D9-447F-AD94-44A952FE4D14}"
EndProject
Project("{9A19103F-16F7-4668-BE54-9A1E7A4F7556}") = "Projekt_01_Etap_07_Rozwiazanie.Core", "Semestr 1\Projekt\Etap_07\Rozwiazanie\Projekt_01_Etap_07_Rozwiazanie.Core\Projekt_01_Etap_07_Rozwiazanie.Core.csproj", "{9431A5FE-4DF0-479A-AEC0-15CCEAE12984}"
EndProject
Project("{9A19103F-16F7-4668-BE54-9A1E7A4F7556}") = "Projekt_01_Etap_07_Rozwiazanie.Shared", "Semestr 1\Projekt\Etap_07\Rozwiazanie\Projekt_01_Etap_07_Rozwiazanie.Shared\Projekt_01_Etap_07_Rozwiazanie.Shared.csproj", "{6AAB98FC-0AD3-4C0C-99EA-404AA0377D64}"
EndProject
Project("{2150E333-8FDC-42A3-9474-1A3956D46DE8}") = "Rozwiazanie", "Rozwiazanie", "{57A5C7DA-E01C-435F-96D2-CC3EF754C8E1}"
EndProject
Project("{9A19103F-16F7-4668-BE54-9A1E7A4F7556}") = "Projekt_01_Etap_08_Rozwiazanie", "Semestr 1\Projekt\Etap_08\Rozwiazanie\Projekt_01_Etap_08_Rozwiazanie\Projekt_01_Etap_08_Rozwiazanie.csproj", "{281E4122-71A3-4D63-BC2D-3312A9666F73}"
EndProject
Project("{9A19103F-16F7-4668-BE54-9A1E7A4F7556}") = "Projekt_01_Etap_08_Rozwiazanie.Core", "Semestr 1\Projekt\Etap_08\Rozwiazanie\Projekt_01_Etap_08_Rozwiazanie.Core\Projekt_01_Etap_08_Rozwiazanie.Core.csproj", "{6A0BAEEC-A3DA-467C-9800-C1C53BEBCB54}"
EndProject
Project("{9A19103F-16F7-4668-BE54-9A1E7A4F7556}") = "Projekt_01_Etap_08_Rozwiazanie.Shared", "Semestr 1\Projekt\Etap_08\Rozwiazanie\Projekt_01_Etap_08_Rozwiazanie.Shared\Projekt_01_Etap_08_Rozwiazanie.Shared.csproj", "{52FE42D6-943B-4D8B-99F7-CF6CD984A3CF}"
EndProject
Project("{2150E333-8FDC-42A3-9474-1A3956D46DE8}") = "Rozwiazanie", "Rozwiazanie", "{3FA8063F-0C27-4875-B82D-C305E9B20BC0}"
EndProject
Project("{9A19103F-16F7-4668-BE54-9A1E7A4F7556}") = "Projekt_01_Etap_09_Rozwiazanie", "Semestr 1\Projekt\Etap_09\Rozwiazanie\Projekt_01_Etap_09_Rozwiazanie\Projekt_01_Etap_09_Rozwiazanie.csproj", "{6917D065-B84F-40B2-8DF5-1AF0BE9937B2}"
EndProject
Project("{9A19103F-16F7-4668-BE54-9A1E7A4F7556}") = "Projekt_01_Etap_09_Rozwiazanie.Core", "Semestr 1\Projekt\Etap_09\Rozwiazanie\Projekt_01_Etap_09_Rozwiazanie.Core\Projekt_01_Etap_09_Rozwiazanie.Core.csproj", "{05275026-6BDF-4D5E-848A-D93829424EDB}"
EndProject
Project("{9A19103F-16F7-4668-BE54-9A1E7A4F7556}") = "Projekt_01_Etap_09_Rozwiazanie.Shared", "Semestr 1\Projekt\Etap_09\Rozwiazanie\Projekt_01_Etap_09_Rozwiazanie.Shared\Projekt_01_Etap_09_Rozwiazanie.Shared.csproj", "{7D8AE25B-01C8-4C14-ABF3-E3A95EF58228}"
EndProject
Project("{2150E333-8FDC-42A3-9474-1A3956D46DE8}") = "Semestr 2", "Semestr 2", "{1EAE4597-CFDC-406E-B3BB-DD73E8F9A4B3}"
EndProject
Project("{2150E333-8FDC-42A3-9474-1A3956D46DE8}") = "Lekcje", "Lekcje", "{24BBA929-61C1-4826-A724-36A8F502F3A5}"
EndProject
Project("{2150E333-8FDC-42A3-9474-1A3956D46DE8}") = "Projekt", "Projekt", "{62B73586-E8FA-43E4-8476-9E3760429D09}"
EndProject
Project("{2150E333-8FDC-42A3-9474-1A3956D46DE8}") = "Etap_01", "Etap_01", "{41F7D3E6-3FC1-4CEA-B20A-71C06392EC14}"
	ProjectSection(SolutionItems) = preProject
		Semestr 2\Projekt\Etap_01\01_wytyczne.txt = Semestr 2\Projekt\Etap_01\01_wytyczne.txt
	EndProjectSection
EndProject
Project("{2150E333-8FDC-42A3-9474-1A3956D46DE8}") = "Etap_02", "Etap_02", "{4E9F98F6-7C6C-4420-884F-9A93BAF3158A}"
	ProjectSection(SolutionItems) = preProject
		Semestr 2\Projekt\Etap_02\02_wytyczne.txt = Semestr 2\Projekt\Etap_02\02_wytyczne.txt
	EndProjectSection
EndProject
Project("{2150E333-8FDC-42A3-9474-1A3956D46DE8}") = "Rozwiazanie", "Rozwiazanie", "{9FF847F0-D20F-4E90-9278-5FA74F56B60C}"
EndProject
Project("{9A19103F-16F7-4668-BE54-9A1E7A4F7556}") = "WpfApp1", "Semestr 2\Projekt\Etap_01\Rozwiazanie\WpfApp1\WpfApp1.csproj", "{15668EC7-3712-426C-B825-D7364A6491B0}"
EndProject
Project("{2150E333-8FDC-42A3-9474-1A3956D46DE8}") = "Etap_03", "Etap_03", "{F4ABB210-3E93-4B6C-8C08-0A1285B99948}"
	ProjectSection(SolutionItems) = preProject
		Semestr 2\Projekt\Etap_03\app_highcontrast.png = Semestr 2\Projekt\Etap_03\app_highcontrast.png
		Semestr 2\Projekt\Etap_03\app_lighttheme.png = Semestr 2\Projekt\Etap_03\app_lighttheme.png
		Semestr 2\Projekt\Etap_03\wytyczne.txt = Semestr 2\Projekt\Etap_03\wytyczne.txt
	EndProjectSection
EndProject
Project("{2150E333-8FDC-42A3-9474-1A3956D46DE8}") = "Rozwiazanie", "Rozwiazanie", "{D2148ADA-E655-43C4-A227-DADEFBC5F87C}"
EndProject
Project("{9A19103F-16F7-4668-BE54-9A1E7A4F7556}") = "WpfApp2", "Semestr 2\Projekt\Etap_03\Rozwiazanie\WpfApp2\WpfApp2.csproj", "{E5538ED2-7F89-4407-88C6-B234368DD2B1}"
EndProject
Project("{2150E333-8FDC-42A3-9474-1A3956D46DE8}") = "Etap_04", "Etap_04", "{B04F710B-E0B6-4DAE-82F7-A7673FADCDE1}"
	ProjectSection(SolutionItems) = preProject
		Semestr 2\Projekt\Etap_04\wytyczne.txt = Semestr 2\Projekt\Etap_04\wytyczne.txt
	EndProjectSection
EndProject
Project("{2150E333-8FDC-42A3-9474-1A3956D46DE8}") = "Rozwiazanie", "Rozwiazanie", "{91D94D94-F85B-49E7-9D66-1F3A6B1D07BB}"
EndProject
Project("{2150E333-8FDC-42A3-9474-1A3956D46DE8}") = "Zadanie domowe", "Zadanie domowe", "{345E4088-EA0C-49A9-BCC4-54CB87370864}"
EndProject
Project("{9A19103F-16F7-4668-BE54-9A1E7A4F7556}") = "ZadanieDomowe1", "Semestr 2\Lekcje\Zadanie domowe\ZadanieDomowe1\ZadanieDomowe1.csproj", "{ADC65976-ED4D-4188-9105-015404C17364}"
EndProject
Project("{2150E333-8FDC-42A3-9474-1A3956D46DE8}") = "UstawianieObrazka", "UstawianieObrazka", "{98F3F22D-5C6C-4FBB-A721-B50E4863CFDC}"
EndProject
Project("{9A19103F-16F7-4668-BE54-9A1E7A4F7556}") = "UstawianieObrazka", "Semestr 2\Lekcje\UstawianieObrazka\UstawianieObrazka.csproj", "{9B6D3211-E7F4-49A8-8BD3-1355ABFC2BA6}"
EndProject
Project("{9A19103F-16F7-4668-BE54-9A1E7A4F7556}") = "WpfApp2", "Semestr 2\Projekt\Etap_04\Rozwiazanie\WpfApp2\WpfApp2.csproj", "{3F0636EF-D31B-4CC9-B161-24A30056B943}"
EndProject
Project("{2150E333-8FDC-42A3-9474-1A3956D46DE8}") = "Etap_05", "Etap_05", "{0F7389DC-246F-4AC7-A116-25CD1373A419}"
	ProjectSection(SolutionItems) = preProject
		Semestr 2\Projekt\Etap_05\wytyczne.txt = Semestr 2\Projekt\Etap_05\wytyczne.txt
	EndProjectSection
EndProject
Project("{2150E333-8FDC-42A3-9474-1A3956D46DE8}") = "Rozwiazanie", "Rozwiazanie", "{9D6FB105-1907-4019-9DCA-D035E559538A}"
EndProject
Project("{9A19103F-16F7-4668-BE54-9A1E7A4F7556}") = "WpfApp3", "Semestr 2\Projekt\Etap_05\Rozwiazanie\WpfApp3\WpfApp3.csproj", "{A6820552-8023-4B13-9D65-57E19A4F721B}"
EndProject
Global
	GlobalSection(SolutionConfigurationPlatforms) = preSolution
		Debug|Any CPU = Debug|Any CPU
		Release|Any CPU = Release|Any CPU
	EndGlobalSection
	GlobalSection(ProjectConfigurationPlatforms) = postSolution
		{69BFD7C3-6DE2-4848-A451-57B4D87E11D3}.Debug|Any CPU.ActiveCfg = Debug|Any CPU
		{69BFD7C3-6DE2-4848-A451-57B4D87E11D3}.Debug|Any CPU.Build.0 = Debug|Any CPU
		{69BFD7C3-6DE2-4848-A451-57B4D87E11D3}.Release|Any CPU.ActiveCfg = Release|Any CPU
		{69BFD7C3-6DE2-4848-A451-57B4D87E11D3}.Release|Any CPU.Build.0 = Release|Any CPU
		{9DF79927-29FA-430B-8884-36D5617F1C2F}.Debug|Any CPU.ActiveCfg = Debug|Any CPU
		{9DF79927-29FA-430B-8884-36D5617F1C2F}.Debug|Any CPU.Build.0 = Debug|Any CPU
		{9DF79927-29FA-430B-8884-36D5617F1C2F}.Release|Any CPU.ActiveCfg = Release|Any CPU
		{9DF79927-29FA-430B-8884-36D5617F1C2F}.Release|Any CPU.Build.0 = Release|Any CPU
		{24EF4F6C-05C1-44D9-A1AC-FD5513187551}.Debug|Any CPU.ActiveCfg = Debug|Any CPU
		{24EF4F6C-05C1-44D9-A1AC-FD5513187551}.Debug|Any CPU.Build.0 = Debug|Any CPU
		{24EF4F6C-05C1-44D9-A1AC-FD5513187551}.Release|Any CPU.ActiveCfg = Release|Any CPU
		{24EF4F6C-05C1-44D9-A1AC-FD5513187551}.Release|Any CPU.Build.0 = Release|Any CPU
		{6190770E-A315-4B41-BD95-E00CDAFB53A5}.Debug|Any CPU.ActiveCfg = Debug|Any CPU
		{6190770E-A315-4B41-BD95-E00CDAFB53A5}.Debug|Any CPU.Build.0 = Debug|Any CPU
		{6190770E-A315-4B41-BD95-E00CDAFB53A5}.Release|Any CPU.ActiveCfg = Release|Any CPU
		{6190770E-A315-4B41-BD95-E00CDAFB53A5}.Release|Any CPU.Build.0 = Release|Any CPU
		{5A566695-9D5D-4CE6-9983-9BC9380F2729}.Debug|Any CPU.ActiveCfg = Debug|Any CPU
		{5A566695-9D5D-4CE6-9983-9BC9380F2729}.Debug|Any CPU.Build.0 = Debug|Any CPU
		{5A566695-9D5D-4CE6-9983-9BC9380F2729}.Release|Any CPU.ActiveCfg = Release|Any CPU
		{5A566695-9D5D-4CE6-9983-9BC9380F2729}.Release|Any CPU.Build.0 = Release|Any CPU
		{95CB5E5E-443A-414F-8BCE-BA755A18939A}.Debug|Any CPU.ActiveCfg = Debug|Any CPU
		{95CB5E5E-443A-414F-8BCE-BA755A18939A}.Debug|Any CPU.Build.0 = Debug|Any CPU
		{95CB5E5E-443A-414F-8BCE-BA755A18939A}.Release|Any CPU.ActiveCfg = Release|Any CPU
		{95CB5E5E-443A-414F-8BCE-BA755A18939A}.Release|Any CPU.Build.0 = Release|Any CPU
		{F600237C-D2D8-4E78-B315-B2214592E705}.Debug|Any CPU.ActiveCfg = Debug|Any CPU
		{F600237C-D2D8-4E78-B315-B2214592E705}.Debug|Any CPU.Build.0 = Debug|Any CPU
		{F600237C-D2D8-4E78-B315-B2214592E705}.Release|Any CPU.ActiveCfg = Release|Any CPU
		{F600237C-D2D8-4E78-B315-B2214592E705}.Release|Any CPU.Build.0 = Release|Any CPU
		{17B7F91A-361C-4AB8-9D11-1C96C50D954A}.Debug|Any CPU.ActiveCfg = Debug|Any CPU
		{17B7F91A-361C-4AB8-9D11-1C96C50D954A}.Debug|Any CPU.Build.0 = Debug|Any CPU
		{17B7F91A-361C-4AB8-9D11-1C96C50D954A}.Release|Any CPU.ActiveCfg = Release|Any CPU
		{17B7F91A-361C-4AB8-9D11-1C96C50D954A}.Release|Any CPU.Build.0 = Release|Any CPU
		{5E504862-862E-4E0A-8B47-E6EF4A146C13}.Debug|Any CPU.ActiveCfg = Debug|Any CPU
		{5E504862-862E-4E0A-8B47-E6EF4A146C13}.Debug|Any CPU.Build.0 = Debug|Any CPU
		{5E504862-862E-4E0A-8B47-E6EF4A146C13}.Release|Any CPU.ActiveCfg = Release|Any CPU
		{5E504862-862E-4E0A-8B47-E6EF4A146C13}.Release|Any CPU.Build.0 = Release|Any CPU
		{B744DAA9-4A0A-4B85-9232-15482E75FE5D}.Debug|Any CPU.ActiveCfg = Debug|Any CPU
		{B744DAA9-4A0A-4B85-9232-15482E75FE5D}.Debug|Any CPU.Build.0 = Debug|Any CPU
		{B744DAA9-4A0A-4B85-9232-15482E75FE5D}.Release|Any CPU.ActiveCfg = Release|Any CPU
		{B744DAA9-4A0A-4B85-9232-15482E75FE5D}.Release|Any CPU.Build.0 = Release|Any CPU
		{D73F72BD-6F59-460B-A88A-887390CCED7F}.Debug|Any CPU.ActiveCfg = Debug|Any CPU
		{D73F72BD-6F59-460B-A88A-887390CCED7F}.Debug|Any CPU.Build.0 = Debug|Any CPU
		{D73F72BD-6F59-460B-A88A-887390CCED7F}.Release|Any CPU.ActiveCfg = Release|Any CPU
		{D73F72BD-6F59-460B-A88A-887390CCED7F}.Release|Any CPU.Build.0 = Release|Any CPU
		{91AC4132-6658-4811-83C6-1D5707A833F4}.Debug|Any CPU.ActiveCfg = Debug|Any CPU
		{91AC4132-6658-4811-83C6-1D5707A833F4}.Debug|Any CPU.Build.0 = Debug|Any CPU
		{91AC4132-6658-4811-83C6-1D5707A833F4}.Release|Any CPU.ActiveCfg = Release|Any CPU
		{91AC4132-6658-4811-83C6-1D5707A833F4}.Release|Any CPU.Build.0 = Release|Any CPU
		{41FB7FA0-D3A3-4E15-BDB7-F88B6FBD5278}.Debug|Any CPU.ActiveCfg = Debug|Any CPU
		{41FB7FA0-D3A3-4E15-BDB7-F88B6FBD5278}.Debug|Any CPU.Build.0 = Debug|Any CPU
		{41FB7FA0-D3A3-4E15-BDB7-F88B6FBD5278}.Release|Any CPU.ActiveCfg = Release|Any CPU
		{41FB7FA0-D3A3-4E15-BDB7-F88B6FBD5278}.Release|Any CPU.Build.0 = Release|Any CPU
		{6B8BFFF8-AFE1-4722-A3C7-E312D8937BCC}.Debug|Any CPU.ActiveCfg = Debug|Any CPU
		{6B8BFFF8-AFE1-4722-A3C7-E312D8937BCC}.Debug|Any CPU.Build.0 = Debug|Any CPU
		{6B8BFFF8-AFE1-4722-A3C7-E312D8937BCC}.Release|Any CPU.ActiveCfg = Release|Any CPU
		{6B8BFFF8-AFE1-4722-A3C7-E312D8937BCC}.Release|Any CPU.Build.0 = Release|Any CPU
		{C463CF65-1921-4A5E-85F7-85041CF207D6}.Debug|Any CPU.ActiveCfg = Debug|Any CPU
		{C463CF65-1921-4A5E-85F7-85041CF207D6}.Debug|Any CPU.Build.0 = Debug|Any CPU
		{C463CF65-1921-4A5E-85F7-85041CF207D6}.Release|Any CPU.ActiveCfg = Release|Any CPU
		{C463CF65-1921-4A5E-85F7-85041CF207D6}.Release|Any CPU.Build.0 = Release|Any CPU
		{3FA58C46-EF49-46BC-884D-3F65956B11C1}.Debug|Any CPU.ActiveCfg = Debug|Any CPU
		{3FA58C46-EF49-46BC-884D-3F65956B11C1}.Debug|Any CPU.Build.0 = Debug|Any CPU
		{3FA58C46-EF49-46BC-884D-3F65956B11C1}.Release|Any CPU.ActiveCfg = Release|Any CPU
		{3FA58C46-EF49-46BC-884D-3F65956B11C1}.Release|Any CPU.Build.0 = Release|Any CPU
		{BEBDB74D-0782-4D47-A5DE-D39AC3B9A510}.Debug|Any CPU.ActiveCfg = Debug|Any CPU
		{BEBDB74D-0782-4D47-A5DE-D39AC3B9A510}.Debug|Any CPU.Build.0 = Debug|Any CPU
		{BEBDB74D-0782-4D47-A5DE-D39AC3B9A510}.Release|Any CPU.ActiveCfg = Release|Any CPU
		{BEBDB74D-0782-4D47-A5DE-D39AC3B9A510}.Release|Any CPU.Build.0 = Release|Any CPU
		{4A703581-73D4-46B2-8D4C-F1543BB7E054}.Debug|Any CPU.ActiveCfg = Debug|Any CPU
		{4A703581-73D4-46B2-8D4C-F1543BB7E054}.Debug|Any CPU.Build.0 = Debug|Any CPU
		{4A703581-73D4-46B2-8D4C-F1543BB7E054}.Release|Any CPU.ActiveCfg = Release|Any CPU
		{4A703581-73D4-46B2-8D4C-F1543BB7E054}.Release|Any CPU.Build.0 = Release|Any CPU
		{01E1D788-E463-4F7B-985B-D16BD732F4FF}.Debug|Any CPU.ActiveCfg = Debug|Any CPU
		{01E1D788-E463-4F7B-985B-D16BD732F4FF}.Debug|Any CPU.Build.0 = Debug|Any CPU
		{01E1D788-E463-4F7B-985B-D16BD732F4FF}.Release|Any CPU.ActiveCfg = Release|Any CPU
		{01E1D788-E463-4F7B-985B-D16BD732F4FF}.Release|Any CPU.Build.0 = Release|Any CPU
		{20383A85-8B44-46E3-853E-22796909F390}.Debug|Any CPU.ActiveCfg = Debug|Any CPU
		{20383A85-8B44-46E3-853E-22796909F390}.Debug|Any CPU.Build.0 = Debug|Any CPU
		{20383A85-8B44-46E3-853E-22796909F390}.Release|Any CPU.ActiveCfg = Release|Any CPU
		{20383A85-8B44-46E3-853E-22796909F390}.Release|Any CPU.Build.0 = Release|Any CPU
		{927B7ED6-C493-406D-AB1A-9BB7B81AA3BE}.Debug|Any CPU.ActiveCfg = Debug|Any CPU
		{927B7ED6-C493-406D-AB1A-9BB7B81AA3BE}.Debug|Any CPU.Build.0 = Debug|Any CPU
		{927B7ED6-C493-406D-AB1A-9BB7B81AA3BE}.Release|Any CPU.ActiveCfg = Release|Any CPU
		{927B7ED6-C493-406D-AB1A-9BB7B81AA3BE}.Release|Any CPU.Build.0 = Release|Any CPU
		{9EF1A87A-A1DC-423E-8412-99417A3C45CC}.Debug|Any CPU.ActiveCfg = Debug|Any CPU
		{9EF1A87A-A1DC-423E-8412-99417A3C45CC}.Debug|Any CPU.Build.0 = Debug|Any CPU
		{9EF1A87A-A1DC-423E-8412-99417A3C45CC}.Release|Any CPU.ActiveCfg = Release|Any CPU
		{9EF1A87A-A1DC-423E-8412-99417A3C45CC}.Release|Any CPU.Build.0 = Release|Any CPU
		{4B69A063-9540-40D9-8E9E-3D642DC1EA4D}.Debug|Any CPU.ActiveCfg = Debug|Any CPU
		{4B69A063-9540-40D9-8E9E-3D642DC1EA4D}.Debug|Any CPU.Build.0 = Debug|Any CPU
		{4B69A063-9540-40D9-8E9E-3D642DC1EA4D}.Release|Any CPU.ActiveCfg = Release|Any CPU
		{4B69A063-9540-40D9-8E9E-3D642DC1EA4D}.Release|Any CPU.Build.0 = Release|Any CPU
		{EBB4D495-6684-4D90-B0A2-CC37F8A2EA6B}.Debug|Any CPU.ActiveCfg = Debug|Any CPU
		{EBB4D495-6684-4D90-B0A2-CC37F8A2EA6B}.Debug|Any CPU.Build.0 = Debug|Any CPU
		{EBB4D495-6684-4D90-B0A2-CC37F8A2EA6B}.Release|Any CPU.ActiveCfg = Release|Any CPU
		{EBB4D495-6684-4D90-B0A2-CC37F8A2EA6B}.Release|Any CPU.Build.0 = Release|Any CPU
		{D8E799B1-17ED-4B7D-A4F9-169E2C38244E}.Debug|Any CPU.ActiveCfg = Debug|Any CPU
		{D8E799B1-17ED-4B7D-A4F9-169E2C38244E}.Debug|Any CPU.Build.0 = Debug|Any CPU
		{D8E799B1-17ED-4B7D-A4F9-169E2C38244E}.Release|Any CPU.ActiveCfg = Release|Any CPU
		{D8E799B1-17ED-4B7D-A4F9-169E2C38244E}.Release|Any CPU.Build.0 = Release|Any CPU
		{28DBCADB-CE72-4041-AEA6-692D1FA5A405}.Debug|Any CPU.ActiveCfg = Debug|Any CPU
		{28DBCADB-CE72-4041-AEA6-692D1FA5A405}.Debug|Any CPU.Build.0 = Debug|Any CPU
		{28DBCADB-CE72-4041-AEA6-692D1FA5A405}.Release|Any CPU.ActiveCfg = Release|Any CPU
		{28DBCADB-CE72-4041-AEA6-692D1FA5A405}.Release|Any CPU.Build.0 = Release|Any CPU
		{4A41E825-DD2E-4E31-A041-03DBC9725754}.Debug|Any CPU.ActiveCfg = Debug|Any CPU
		{4A41E825-DD2E-4E31-A041-03DBC9725754}.Debug|Any CPU.Build.0 = Debug|Any CPU
		{4A41E825-DD2E-4E31-A041-03DBC9725754}.Release|Any CPU.ActiveCfg = Release|Any CPU
		{4A41E825-DD2E-4E31-A041-03DBC9725754}.Release|Any CPU.Build.0 = Release|Any CPU
		{B5FD2AF1-04D9-447F-AD94-44A952FE4D14}.Debug|Any CPU.ActiveCfg = Debug|Any CPU
		{B5FD2AF1-04D9-447F-AD94-44A952FE4D14}.Debug|Any CPU.Build.0 = Debug|Any CPU
		{B5FD2AF1-04D9-447F-AD94-44A952FE4D14}.Release|Any CPU.ActiveCfg = Release|Any CPU
		{B5FD2AF1-04D9-447F-AD94-44A952FE4D14}.Release|Any CPU.Build.0 = Release|Any CPU
		{9431A5FE-4DF0-479A-AEC0-15CCEAE12984}.Debug|Any CPU.ActiveCfg = Debug|Any CPU
		{9431A5FE-4DF0-479A-AEC0-15CCEAE12984}.Debug|Any CPU.Build.0 = Debug|Any CPU
		{9431A5FE-4DF0-479A-AEC0-15CCEAE12984}.Release|Any CPU.ActiveCfg = Release|Any CPU
		{9431A5FE-4DF0-479A-AEC0-15CCEAE12984}.Release|Any CPU.Build.0 = Release|Any CPU
		{6AAB98FC-0AD3-4C0C-99EA-404AA0377D64}.Debug|Any CPU.ActiveCfg = Debug|Any CPU
		{6AAB98FC-0AD3-4C0C-99EA-404AA0377D64}.Debug|Any CPU.Build.0 = Debug|Any CPU
		{6AAB98FC-0AD3-4C0C-99EA-404AA0377D64}.Release|Any CPU.ActiveCfg = Release|Any CPU
		{6AAB98FC-0AD3-4C0C-99EA-404AA0377D64}.Release|Any CPU.Build.0 = Release|Any CPU
		{281E4122-71A3-4D63-BC2D-3312A9666F73}.Debug|Any CPU.ActiveCfg = Debug|Any CPU
		{281E4122-71A3-4D63-BC2D-3312A9666F73}.Debug|Any CPU.Build.0 = Debug|Any CPU
		{281E4122-71A3-4D63-BC2D-3312A9666F73}.Release|Any CPU.ActiveCfg = Release|Any CPU
		{281E4122-71A3-4D63-BC2D-3312A9666F73}.Release|Any CPU.Build.0 = Release|Any CPU
		{6A0BAEEC-A3DA-467C-9800-C1C53BEBCB54}.Debug|Any CPU.ActiveCfg = Debug|Any CPU
		{6A0BAEEC-A3DA-467C-9800-C1C53BEBCB54}.Debug|Any CPU.Build.0 = Debug|Any CPU
		{6A0BAEEC-A3DA-467C-9800-C1C53BEBCB54}.Release|Any CPU.ActiveCfg = Release|Any CPU
		{6A0BAEEC-A3DA-467C-9800-C1C53BEBCB54}.Release|Any CPU.Build.0 = Release|Any CPU
		{52FE42D6-943B-4D8B-99F7-CF6CD984A3CF}.Debug|Any CPU.ActiveCfg = Debug|Any CPU
		{52FE42D6-943B-4D8B-99F7-CF6CD984A3CF}.Debug|Any CPU.Build.0 = Debug|Any CPU
		{52FE42D6-943B-4D8B-99F7-CF6CD984A3CF}.Release|Any CPU.ActiveCfg = Release|Any CPU
		{52FE42D6-943B-4D8B-99F7-CF6CD984A3CF}.Release|Any CPU.Build.0 = Release|Any CPU
		{6917D065-B84F-40B2-8DF5-1AF0BE9937B2}.Debug|Any CPU.ActiveCfg = Debug|Any CPU
		{6917D065-B84F-40B2-8DF5-1AF0BE9937B2}.Debug|Any CPU.Build.0 = Debug|Any CPU
		{6917D065-B84F-40B2-8DF5-1AF0BE9937B2}.Release|Any CPU.ActiveCfg = Release|Any CPU
		{6917D065-B84F-40B2-8DF5-1AF0BE9937B2}.Release|Any CPU.Build.0 = Release|Any CPU
		{05275026-6BDF-4D5E-848A-D93829424EDB}.Debug|Any CPU.ActiveCfg = Debug|Any CPU
		{05275026-6BDF-4D5E-848A-D93829424EDB}.Debug|Any CPU.Build.0 = Debug|Any CPU
		{05275026-6BDF-4D5E-848A-D93829424EDB}.Release|Any CPU.ActiveCfg = Release|Any CPU
		{05275026-6BDF-4D5E-848A-D93829424EDB}.Release|Any CPU.Build.0 = Release|Any CPU
		{7D8AE25B-01C8-4C14-ABF3-E3A95EF58228}.Debug|Any CPU.ActiveCfg = Debug|Any CPU
		{7D8AE25B-01C8-4C14-ABF3-E3A95EF58228}.Debug|Any CPU.Build.0 = Debug|Any CPU
		{7D8AE25B-01C8-4C14-ABF3-E3A95EF58228}.Release|Any CPU.ActiveCfg = Release|Any CPU
		{7D8AE25B-01C8-4C14-ABF3-E3A95EF58228}.Release|Any CPU.Build.0 = Release|Any CPU
		{15668EC7-3712-426C-B825-D7364A6491B0}.Debug|Any CPU.ActiveCfg = Debug|Any CPU
		{15668EC7-3712-426C-B825-D7364A6491B0}.Debug|Any CPU.Build.0 = Debug|Any CPU
		{15668EC7-3712-426C-B825-D7364A6491B0}.Release|Any CPU.ActiveCfg = Release|Any CPU
		{15668EC7-3712-426C-B825-D7364A6491B0}.Release|Any CPU.Build.0 = Release|Any CPU
		{E5538ED2-7F89-4407-88C6-B234368DD2B1}.Debug|Any CPU.ActiveCfg = Debug|Any CPU
		{E5538ED2-7F89-4407-88C6-B234368DD2B1}.Debug|Any CPU.Build.0 = Debug|Any CPU
		{E5538ED2-7F89-4407-88C6-B234368DD2B1}.Release|Any CPU.ActiveCfg = Release|Any CPU
		{E5538ED2-7F89-4407-88C6-B234368DD2B1}.Release|Any CPU.Build.0 = Release|Any CPU
		{ADC65976-ED4D-4188-9105-015404C17364}.Debug|Any CPU.ActiveCfg = Debug|Any CPU
		{ADC65976-ED4D-4188-9105-015404C17364}.Debug|Any CPU.Build.0 = Debug|Any CPU
		{ADC65976-ED4D-4188-9105-015404C17364}.Release|Any CPU.ActiveCfg = Release|Any CPU
		{ADC65976-ED4D-4188-9105-015404C17364}.Release|Any CPU.Build.0 = Release|Any CPU
		{9B6D3211-E7F4-49A8-8BD3-1355ABFC2BA6}.Debug|Any CPU.ActiveCfg = Debug|Any CPU
		{9B6D3211-E7F4-49A8-8BD3-1355ABFC2BA6}.Debug|Any CPU.Build.0 = Debug|Any CPU
		{9B6D3211-E7F4-49A8-8BD3-1355ABFC2BA6}.Release|Any CPU.ActiveCfg = Release|Any CPU
		{9B6D3211-E7F4-49A8-8BD3-1355ABFC2BA6}.Release|Any CPU.Build.0 = Release|Any CPU
		{3F0636EF-D31B-4CC9-B161-24A30056B943}.Debug|Any CPU.ActiveCfg = Debug|Any CPU
		{3F0636EF-D31B-4CC9-B161-24A30056B943}.Debug|Any CPU.Build.0 = Debug|Any CPU
		{3F0636EF-D31B-4CC9-B161-24A30056B943}.Release|Any CPU.ActiveCfg = Release|Any CPU
		{3F0636EF-D31B-4CC9-B161-24A30056B943}.Release|Any CPU.Build.0 = Release|Any CPU
		{A6820552-8023-4B13-9D65-57E19A4F721B}.Debug|Any CPU.ActiveCfg = Debug|Any CPU
		{A6820552-8023-4B13-9D65-57E19A4F721B}.Debug|Any CPU.Build.0 = Debug|Any CPU
		{A6820552-8023-4B13-9D65-57E19A4F721B}.Release|Any CPU.ActiveCfg = Release|Any CPU
		{A6820552-8023-4B13-9D65-57E19A4F721B}.Release|Any CPU.Build.0 = Release|Any CPU
	EndGlobalSection
	GlobalSection(SolutionProperties) = preSolution
		HideSolutionNode = FALSE
	EndGlobalSection
	GlobalSection(NestedProjects) = preSolution
		{17402526-5574-491B-950F-B22BDD6B6C90} = {4F8C918E-0984-4230-87EF-A8ED84BB633D}
		{4B14F1F7-2D28-44EB-B9A6-6272D6AE8947} = {17402526-5574-491B-950F-B22BDD6B6C90}
		{0E31FCEC-0DE8-4DDB-811C-6609285597D7} = {17402526-5574-491B-950F-B22BDD6B6C90}
		{8C042D19-B67B-481B-AD1F-E3B8BB9603AE} = {17402526-5574-491B-950F-B22BDD6B6C90}
		{33D30358-D660-450F-BF4A-9F072475BA71} = {17402526-5574-491B-950F-B22BDD6B6C90}
		{C1826155-233D-4A8F-A556-04DDA624CDF5} = {17402526-5574-491B-950F-B22BDD6B6C90}
		{69BFD7C3-6DE2-4848-A451-57B4D87E11D3} = {C1826155-233D-4A8F-A556-04DDA624CDF5}
		{9DF79927-29FA-430B-8884-36D5617F1C2F} = {33D30358-D660-450F-BF4A-9F072475BA71}
		{24EF4F6C-05C1-44D9-A1AC-FD5513187551} = {8C042D19-B67B-481B-AD1F-E3B8BB9603AE}
		{6190770E-A315-4B41-BD95-E00CDAFB53A5} = {8C042D19-B67B-481B-AD1F-E3B8BB9603AE}
		{5A566695-9D5D-4CE6-9983-9BC9380F2729} = {8C042D19-B67B-481B-AD1F-E3B8BB9603AE}
		{95CB5E5E-443A-414F-8BCE-BA755A18939A} = {0E31FCEC-0DE8-4DDB-811C-6609285597D7}
		{F600237C-D2D8-4E78-B315-B2214592E705} = {4B14F1F7-2D28-44EB-B9A6-6272D6AE8947}
		{17B7F91A-361C-4AB8-9D11-1C96C50D954A} = {4B14F1F7-2D28-44EB-B9A6-6272D6AE8947}
		{5E504862-862E-4E0A-8B47-E6EF4A146C13} = {4B14F1F7-2D28-44EB-B9A6-6272D6AE8947}
		{B744DAA9-4A0A-4B85-9232-15482E75FE5D} = {4B14F1F7-2D28-44EB-B9A6-6272D6AE8947}
		{D73F72BD-6F59-460B-A88A-887390CCED7F} = {4B14F1F7-2D28-44EB-B9A6-6272D6AE8947}
		{95E6CEFF-8C62-483C-83B8-727626D13168} = {4F8C918E-0984-4230-87EF-A8ED84BB633D}
		{46B2B022-FBA1-46AD-96D7-BE0E6CADDB43} = {95E6CEFF-8C62-483C-83B8-727626D13168}
		{0F9EF54F-553E-47F2-B256-E601C256D9CA} = {95E6CEFF-8C62-483C-83B8-727626D13168}
		{03DD3D26-E821-483A-B290-2A31F787463D} = {95E6CEFF-8C62-483C-83B8-727626D13168}
		{2BC74C18-D3A0-46E0-B74D-BAEE221CC50F} = {95E6CEFF-8C62-483C-83B8-727626D13168}
		{CC3841EC-8C89-4DFD-9218-4E95BCBA62D6} = {95E6CEFF-8C62-483C-83B8-727626D13168}
		{76CEBDCE-1250-42AA-9666-4A7242DF6572} = {95E6CEFF-8C62-483C-83B8-727626D13168}
		{C2052873-6911-46F8-858D-7605488F1727} = {95E6CEFF-8C62-483C-83B8-727626D13168}
		{4D72A2D1-F115-44D9-A3F5-A37542F26170} = {95E6CEFF-8C62-483C-83B8-727626D13168}
		{BF83DEED-6F7A-4949-81EB-B3F10CB90ADD} = {95E6CEFF-8C62-483C-83B8-727626D13168}
		{A07AAF7E-CA90-489E-B3C8-3838561FB77A} = {46B2B022-FBA1-46AD-96D7-BE0E6CADDB43}
		{91AC4132-6658-4811-83C6-1D5707A833F4} = {A07AAF7E-CA90-489E-B3C8-3838561FB77A}
		{383C258E-A468-4FB7-B366-ABD4D1919A0B} = {0F9EF54F-553E-47F2-B256-E601C256D9CA}
		{41FB7FA0-D3A3-4E15-BDB7-F88B6FBD5278} = {383C258E-A468-4FB7-B366-ABD4D1919A0B}
		{6B8BFFF8-AFE1-4722-A3C7-E312D8937BCC} = {383C258E-A468-4FB7-B366-ABD4D1919A0B}
		{C463CF65-1921-4A5E-85F7-85041CF207D6} = {383C258E-A468-4FB7-B366-ABD4D1919A0B}
		{2620227D-A271-47DD-9178-A7968AC5992A} = {03DD3D26-E821-483A-B290-2A31F787463D}
		{3FA58C46-EF49-46BC-884D-3F65956B11C1} = {2620227D-A271-47DD-9178-A7968AC5992A}
		{BEBDB74D-0782-4D47-A5DE-D39AC3B9A510} = {2620227D-A271-47DD-9178-A7968AC5992A}
		{4A703581-73D4-46B2-8D4C-F1543BB7E054} = {2620227D-A271-47DD-9178-A7968AC5992A}
		{C9FE79F6-BB15-471B-946A-C4DE08DC2890} = {2BC74C18-D3A0-46E0-B74D-BAEE221CC50F}
		{01E1D788-E463-4F7B-985B-D16BD732F4FF} = {C9FE79F6-BB15-471B-946A-C4DE08DC2890}
		{20383A85-8B44-46E3-853E-22796909F390} = {C9FE79F6-BB15-471B-946A-C4DE08DC2890}
		{927B7ED6-C493-406D-AB1A-9BB7B81AA3BE} = {C9FE79F6-BB15-471B-946A-C4DE08DC2890}
		{86550F3F-DD14-46D1-808F-DE86A3DA18DE} = {CC3841EC-8C89-4DFD-9218-4E95BCBA62D6}
		{9EF1A87A-A1DC-423E-8412-99417A3C45CC} = {86550F3F-DD14-46D1-808F-DE86A3DA18DE}
		{4B69A063-9540-40D9-8E9E-3D642DC1EA4D} = {86550F3F-DD14-46D1-808F-DE86A3DA18DE}
		{EBB4D495-6684-4D90-B0A2-CC37F8A2EA6B} = {86550F3F-DD14-46D1-808F-DE86A3DA18DE}
		{B1956D27-E89C-4D82-83B6-4422C62D35E1} = {76CEBDCE-1250-42AA-9666-4A7242DF6572}
		{D8E799B1-17ED-4B7D-A4F9-169E2C38244E} = {B1956D27-E89C-4D82-83B6-4422C62D35E1}
		{28DBCADB-CE72-4041-AEA6-692D1FA5A405} = {B1956D27-E89C-4D82-83B6-4422C62D35E1}
		{4A41E825-DD2E-4E31-A041-03DBC9725754} = {B1956D27-E89C-4D82-83B6-4422C62D35E1}
		{F35A6C69-7DAA-43FE-A6F3-564C2B138AB8} = {C2052873-6911-46F8-858D-7605488F1727}
		{B5FD2AF1-04D9-447F-AD94-44A952FE4D14} = {F35A6C69-7DAA-43FE-A6F3-564C2B138AB8}
		{9431A5FE-4DF0-479A-AEC0-15CCEAE12984} = {F35A6C69-7DAA-43FE-A6F3-564C2B138AB8}
		{6AAB98FC-0AD3-4C0C-99EA-404AA0377D64} = {F35A6C69-7DAA-43FE-A6F3-564C2B138AB8}
		{57A5C7DA-E01C-435F-96D2-CC3EF754C8E1} = {4D72A2D1-F115-44D9-A3F5-A37542F26170}
		{281E4122-71A3-4D63-BC2D-3312A9666F73} = {57A5C7DA-E01C-435F-96D2-CC3EF754C8E1}
		{6A0BAEEC-A3DA-467C-9800-C1C53BEBCB54} = {57A5C7DA-E01C-435F-96D2-CC3EF754C8E1}
		{52FE42D6-943B-4D8B-99F7-CF6CD984A3CF} = {57A5C7DA-E01C-435F-96D2-CC3EF754C8E1}
		{3FA8063F-0C27-4875-B82D-C305E9B20BC0} = {BF83DEED-6F7A-4949-81EB-B3F10CB90ADD}
		{6917D065-B84F-40B2-8DF5-1AF0BE9937B2} = {3FA8063F-0C27-4875-B82D-C305E9B20BC0}
		{05275026-6BDF-4D5E-848A-D93829424EDB} = {3FA8063F-0C27-4875-B82D-C305E9B20BC0}
		{7D8AE25B-01C8-4C14-ABF3-E3A95EF58228} = {3FA8063F-0C27-4875-B82D-C305E9B20BC0}
		{24BBA929-61C1-4826-A724-36A8F502F3A5} = {1EAE4597-CFDC-406E-B3BB-DD73E8F9A4B3}
		{62B73586-E8FA-43E4-8476-9E3760429D09} = {1EAE4597-CFDC-406E-B3BB-DD73E8F9A4B3}
		{41F7D3E6-3FC1-4CEA-B20A-71C06392EC14} = {62B73586-E8FA-43E4-8476-9E3760429D09}
		{4E9F98F6-7C6C-4420-884F-9A93BAF3158A} = {62B73586-E8FA-43E4-8476-9E3760429D09}
		{9FF847F0-D20F-4E90-9278-5FA74F56B60C} = {41F7D3E6-3FC1-4CEA-B20A-71C06392EC14}
		{15668EC7-3712-426C-B825-D7364A6491B0} = {9FF847F0-D20F-4E90-9278-5FA74F56B60C}
		{F4ABB210-3E93-4B6C-8C08-0A1285B99948} = {62B73586-E8FA-43E4-8476-9E3760429D09}
		{D2148ADA-E655-43C4-A227-DADEFBC5F87C} = {F4ABB210-3E93-4B6C-8C08-0A1285B99948}
		{E5538ED2-7F89-4407-88C6-B234368DD2B1} = {D2148ADA-E655-43C4-A227-DADEFBC5F87C}
		{B04F710B-E0B6-4DAE-82F7-A7673FADCDE1} = {62B73586-E8FA-43E4-8476-9E3760429D09}
		{91D94D94-F85B-49E7-9D66-1F3A6B1D07BB} = {B04F710B-E0B6-4DAE-82F7-A7673FADCDE1}
		{345E4088-EA0C-49A9-BCC4-54CB87370864} = {24BBA929-61C1-4826-A724-36A8F502F3A5}
		{ADC65976-ED4D-4188-9105-015404C17364} = {345E4088-EA0C-49A9-BCC4-54CB87370864}
		{98F3F22D-5C6C-4FBB-A721-B50E4863CFDC} = {24BBA929-61C1-4826-A724-36A8F502F3A5}
		{9B6D3211-E7F4-49A8-8BD3-1355ABFC2BA6} = {98F3F22D-5C6C-4FBB-A721-B50E4863CFDC}
		{3F0636EF-D31B-4CC9-B161-24A30056B943} = {91D94D94-F85B-49E7-9D66-1F3A6B1D07BB}
		{0F7389DC-246F-4AC7-A116-25CD1373A419} = {62B73586-E8FA-43E4-8476-9E3760429D09}
		{9D6FB105-1907-4019-9DCA-D035E559538A} = {0F7389DC-246F-4AC7-A116-25CD1373A419}
		{A6820552-8023-4B13-9D65-57E19A4F721B} = {9D6FB105-1907-4019-9DCA-D035E559538A}
	EndGlobalSection
	GlobalSection(ExtensibilityGlobals) = postSolution
		SolutionGuid = {D1A0E135-6C1C-4384-8761-A8AF8E3EE9A3}
	EndGlobalSection
EndGlobal
