
Microsoft Visual Studio Solution File, Format Version 12.00
# Visual Studio Version 17
VisualStudioVersion = 17.7.34024.191
MinimumVisualStudioVersion = 10.0.40219.1
Project("{2150E333-8FDC-42A3-9474-1A3956D46DE8}") = "Lekcja_01", "Lekcja_01", "{D1E25498-F36C-48DA-8FC8-624EBC9D2B10}"
EndProject
Project("{9A19103F-16F7-4668-BE54-9A1E7A4F7556}") = "Lekcja_01_delegaty_Przyklad_2", "Lekcja_01_delegaty_Przyklad_2\Lekcja_01_delegaty_Przyklad_2.csproj", "{BA4B6647-2103-4151-A4F2-60B2F3C034F2}"
EndProject
Project("{9A19103F-16F7-4668-BE54-9A1E7A4F7556}") = "Lekcja_01_delegaty_Przyklad_0", "Lekcja_01_delegaty_Przyklad_0\Lekcja_01_delegaty_Przyklad_0.csproj", "{F90DA276-C4BA-46F3-A1E6-10BF22557DF4}"
EndProject
Project("{9A19103F-16F7-4668-BE54-9A1E7A4F7556}") = "Lekcja_01_delegaty_Przyklad_1", "Lekcja_01_delegaty_Przyklad_1\Lekcja_01_delegaty_Przyklad_1.csproj", "{D6218973-A43A-43CA-9CF7-0F58428930CB}"
EndProject
Project("{9A19103F-16F7-4668-BE54-9A1E7A4F7556}") = "Lekcja_01_delegaty_Przyklad_3", "Lekcja_01_delegaty_Przyklad_3\Lekcja_01_delegaty_Przyklad_3.csproj", "{7B351D53-010B-4806-81FA-73E7F273BC20}"
EndProject
Project("{9A19103F-16F7-4668-BE54-9A1E7A4F7556}") = "Lekcja_01_delegaty_Przyklad_4", "Lekcja_01_delegaty_Przyklad_4\Lekcja_01_delegaty_Przyklad_4.csproj", "{57AB4AEB-1046-4C24-AB60-CC17D3E94ADD}"
EndProject
Project("{2150E333-8FDC-42A3-9474-1A3956D46DE8}") = "Projekt_01", "Projekt_01", "{C72904D3-52F2-4BBF-AFFA-5F260E87B172}"
EndProject
Project("{2150E333-8FDC-42A3-9474-1A3956D46DE8}") = "Etap_01", "Etap_01", "{DAB0A61A-B972-4421-A5C0-F11F5D07CA4E}"
	ProjectSection(SolutionItems) = preProject
		Projekt_01\Etap_01\01_UI.png = Projekt_01\Etap_01\01_UI.png
		Projekt_01\Etap_01\01_wytyczne.txt = Projekt_01\Etap_01\01_wytyczne.txt
	EndProjectSection
EndProject
Project("{2150E333-8FDC-42A3-9474-1A3956D46DE8}") = "Solution Items", "Solution Items", "{17C175B6-DD97-48AD-8C9E-F39D6B587564}"
	ProjectSection(SolutionItems) = preProject
		WSTEP.txt = WSTEP.txt
	EndProjectSection
EndProject
Project("{2150E333-8FDC-42A3-9474-1A3956D46DE8}") = "Lekcja_02", "Lekcja_02", "{FFA4DF15-179B-409D-9AB8-5D2268E83257}"
EndProject
Project("{2150E333-8FDC-42A3-9474-1A3956D46DE8}") = "Dokumenty", "Dokumenty", "{109C0368-3425-4AF4-BD02-2B00551A5487}"
	ProjectSection(SolutionItems) = preProject
		Dokumenty\Brak kontroloek w Toolboxie.txt = Dokumenty\Brak kontroloek w Toolboxie.txt
		Dokumenty\Logowanie_VS_do_GIT.docx = Dokumenty\Logowanie_VS_do_GIT.docx
		Dokumenty\Obsluga_GIT_z_VS.docx = Dokumenty\Obsluga_GIT_z_VS.docx
		Dokumenty\VS_blank_solution.docx = Dokumenty\VS_blank_solution.docx
		Dokumenty\Zmiana języka Visual Studio.docx = Dokumenty\Zmiana języka Visual Studio.docx
	EndProjectSection
EndProject
Project("{9A19103F-16F7-4668-BE54-9A1E7A4F7556}") = "Lekcja_02_Przyklady", "Lekcja_02_Przyklady\Lekcja_02_Przyklady.csproj", "{9DA0C911-5221-4463-9DD1-4E53DA3C101B}"
EndProject
Project("{2150E333-8FDC-42A3-9474-1A3956D46DE8}") = "Etap_02", "Etap_02", "{8050D28A-ED18-4F5E-97BA-89563650C916}"
	ProjectSection(SolutionItems) = preProject
		Projekt_01\Etap_02\02_wytyczne.txt = Projekt_01\Etap_02\02_wytyczne.txt
		Projekt_01\Etap_02\cleanarchitecture.png = Projekt_01\Etap_02\cleanarchitecture.png
	EndProjectSection
EndProject
Project("{2150E333-8FDC-42A3-9474-1A3956D46DE8}") = "Lekcja_03", "Lekcja_03", "{41334EB7-A751-4126-A74C-74B43FAD9D10}"
EndProject
Project("{9A19103F-16F7-4668-BE54-9A1E7A4F7556}") = "Lekcja_03", "Lekcja_03\Lekcja_03.csproj", "{57C5C797-8D08-489B-BDA7-7732E6BCA154}"
EndProject
Project("{9A19103F-16F7-4668-BE54-9A1E7A4F7556}") = "Lekcja_03.Core", "Lekcja_03.Core\Lekcja_03.Core.csproj", "{58C746F5-1C63-4149-A8ED-9C17CA230063}"
EndProject
Project("{9A19103F-16F7-4668-BE54-9A1E7A4F7556}") = "Lekcja_03.Shared", "Lekcja_03.Shared\Lekcja_03.Shared.csproj", "{1BA8C70B-7ACD-461F-A56B-4D84B0C56026}"
EndProject
Project("{2150E333-8FDC-42A3-9474-1A3956D46DE8}") = "Lekcja_04", "Lekcja_04", "{5981CCD0-F085-480E-93F5-6F4BE7CBE0D7}"
EndProject
Project("{9A19103F-16F7-4668-BE54-9A1E7A4F7556}") = "Lekcja_04", "Lekcja_04\Lekcja_04.csproj", "{72A17E3D-A0AD-4B5E-89D4-E8B462A825CA}"
EndProject
Project("{2150E333-8FDC-42A3-9474-1A3956D46DE8}") = "Etap_03", "Etap_03", "{C1315EF8-0164-4F9D-8628-7D4C29A8E8E8}"
	ProjectSection(SolutionItems) = preProject
		Projekt_01\Etap_03\03_1_interfejs.png = Projekt_01\Etap_03\03_1_interfejs.png
		Projekt_01\Etap_03\03_2_iloscinformacji.jpg = Projekt_01\Etap_03\03_2_iloscinformacji.jpg
		Projekt_01\Etap_03\03_3_entropia.jpg = Projekt_01\Etap_03\03_3_entropia.jpg
		Projekt_01\Etap_03\03_4_pantadeusz.txt = Projekt_01\Etap_03\03_4_pantadeusz.txt
		Projekt_01\Etap_03\03_5_pantadeusz_statystyki.txt = Projekt_01\Etap_03\03_5_pantadeusz_statystyki.txt
		Projekt_01\Etap_03\03_6_wynikdzialania.png = Projekt_01\Etap_03\03_6_wynikdzialania.png
		Projekt_01\Etap_03\03_wytyczne.txt = Projekt_01\Etap_03\03_wytyczne.txt
		Projekt_01\Etap_03\BaseTextStatisticsService.cs = Projekt_01\Etap_03\BaseTextStatisticsService.cs
		Projekt_01\Etap_03\ITextStatisticsService.cs = Projekt_01\Etap_03\ITextStatisticsService.cs
		Projekt_01\Etap_03\SymbolPrintingData.cs = Projekt_01\Etap_03\SymbolPrintingData.cs
		Projekt_01\Etap_03\SymbolStatisticsData.cs = Projekt_01\Etap_03\SymbolStatisticsData.cs
		Projekt_01\Etap_03\TextPrintingData.cs = Projekt_01\Etap_03\TextPrintingData.cs
		Projekt_01\Etap_03\TextStatisticsData.cs = Projekt_01\Etap_03\TextStatisticsData.cs
	EndProjectSection
EndProject
Project("{2150E333-8FDC-42A3-9474-1A3956D46DE8}") = "Rozwiazanie", "Rozwiazanie", "{F457C488-3E29-403D-8A71-33A5ED826343}"
EndProject
Project("{2150E333-8FDC-42A3-9474-1A3956D46DE8}") = "Rozwiazanie", "Rozwiazanie", "{C8F859BB-1E65-4846-8F7D-8973143AB4A2}"
EndProject
Project("{9A19103F-16F7-4668-BE54-9A1E7A4F7556}") = "Projekt_01_Etap_02_Rozwiazanie", "Projekt_01_Etap_02_Rozwiazanie\Projekt_01_Etap_02_Rozwiazanie.csproj", "{27B9CEB5-084D-467F-AB0F-F922CD3A40F5}"
EndProject
Project("{2150E333-8FDC-42A3-9474-1A3956D46DE8}") = "Rozwiazanie", "Rozwiazanie", "{0C65795E-A6D8-4B98-9FD4-39AA1DB1ED8A}"
EndProject
Project("{9A19103F-16F7-4668-BE54-9A1E7A4F7556}") = "Projekt_01_Etap_01_Rozwiazanie", "Projekt_01_Etap_01_Rozwiazanie\Projekt_01_Etap_01_Rozwiazanie.csproj", "{191A0ADA-171B-4A88-A745-4A24542C9787}"
EndProject
Project("{9A19103F-16F7-4668-BE54-9A1E7A4F7556}") = "Projekt_01_Etap_02_Rozwiazanie.Core", "Projekt_01_Etap_02_Rozwiazanie.Core\Projekt_01_Etap_02_Rozwiazanie.Core.csproj", "{92311DF9-94B6-4A63-BE84-F9507C22B64B}"
EndProject
Project("{9A19103F-16F7-4668-BE54-9A1E7A4F7556}") = "Projekt_01_Etap_02_Rozwiazanie.Shared", "Projekt_01_Etap_02_Rozwiazanie.Shared\Projekt_01_Etap_02_Rozwiazanie.Shared.csproj", "{F5B76E13-993E-4FB2-8F22-2ABA32BEED41}"
EndProject
Project("{9A19103F-16F7-4668-BE54-9A1E7A4F7556}") = "Projekt_01_Etap_03_Rozwiazanie", "Projekt_01_Etap_03_Rozwiazanie\Projekt_01_Etap_03_Rozwiazanie.csproj", "{E9DC43D8-C202-4E85-9BB3-EECE4D12D9FC}"
EndProject
Project("{9A19103F-16F7-4668-BE54-9A1E7A4F7556}") = "Projekt_01_Etap_03_Rozwiazanie.Core", "Projekt_01_Etap_03_Rozwiazanie.Core\Projekt_01_Etap_03_Rozwiazanie.Core.csproj", "{AD4161CD-0C7C-40D5-A3DB-AC74DF7BC5D4}"
EndProject
Project("{9A19103F-16F7-4668-BE54-9A1E7A4F7556}") = "Projekt_01_Etap_03_Rozwiazanie.Shared", "Projekt_01_Etap_03_Rozwiazanie.Shared\Projekt_01_Etap_03_Rozwiazanie.Shared.csproj", "{696C5113-43C5-48C6-B7A0-3A05C73E773B}"
EndProject
Project("{2150E333-8FDC-42A3-9474-1A3956D46DE8}") = "Lekcja_05", "Lekcja_05", "{ACC23993-CFA9-4F32-8B32-F2117E939181}"
EndProject
Project("{9A19103F-16F7-4668-BE54-9A1E7A4F7556}") = "Lekcja_05", "Lekcja_05\Lekcja_05.csproj", "{B003DA1E-0D20-4B7C-A71D-221B869A32A4}"
EndProject
Project("{2150E333-8FDC-42A3-9474-1A3956D46DE8}") = "Etap_04", "Etap_04", "{D1BC1617-8AC3-44AE-8B7A-0791217E6980}"
	ProjectSection(SolutionItems) = preProject
		Projekt_01\Etap_04\04_wytyczne.txt = Projekt_01\Etap_04\04_wytyczne.txt
		Projekt_01\Etap_04\04_zadanie_domowe.txt = Projekt_01\Etap_04\04_zadanie_domowe.txt
	EndProjectSection
EndProject
Project("{2150E333-8FDC-42A3-9474-1A3956D46DE8}") = "Rozwiazanie", "Rozwiazanie", "{BB629354-0A69-4D42-81D1-9211D6B6A012}"
EndProject
Project("{9A19103F-16F7-4668-BE54-9A1E7A4F7556}") = "Projekt_01_Etap_04_Rozwiazanie", "Projekt_01_Etap_04_Rozwiazanie\Projekt_01_Etap_04_Rozwiazanie.csproj", "{728FECFB-5A4A-4DD8-8F41-9B1663BD99B5}"
EndProject
Project("{9A19103F-16F7-4668-BE54-9A1E7A4F7556}") = "Projekt_01_Etap_04_Rozwiazanie.Core", "Projekt_01_Etap_04_Rozwiazanie.Core\Projekt_01_Etap_04_Rozwiazanie.Core.csproj", "{CB01054D-3293-4040-B9F8-0F8BC0111615}"
EndProject
Project("{9A19103F-16F7-4668-BE54-9A1E7A4F7556}") = "Projekt_01_Etap_04_Rozwiazanie.Shared", "Projekt_01_Etap_04_Rozwiazanie.Shared\Projekt_01_Etap_04_Rozwiazanie.Shared.csproj", "{DD30AC59-6757-4FCF-953D-76FCCE5A3B5F}"
EndProject
Global
	GlobalSection(SolutionConfigurationPlatforms) = preSolution
		Debug|Any CPU = Debug|Any CPU
		Release|Any CPU = Release|Any CPU
	EndGlobalSection
	GlobalSection(ProjectConfigurationPlatforms) = postSolution
		{BA4B6647-2103-4151-A4F2-60B2F3C034F2}.Debug|Any CPU.ActiveCfg = Debug|Any CPU
		{BA4B6647-2103-4151-A4F2-60B2F3C034F2}.Debug|Any CPU.Build.0 = Debug|Any CPU
		{BA4B6647-2103-4151-A4F2-60B2F3C034F2}.Release|Any CPU.ActiveCfg = Release|Any CPU
		{BA4B6647-2103-4151-A4F2-60B2F3C034F2}.Release|Any CPU.Build.0 = Release|Any CPU
		{F90DA276-C4BA-46F3-A1E6-10BF22557DF4}.Debug|Any CPU.ActiveCfg = Debug|Any CPU
		{F90DA276-C4BA-46F3-A1E6-10BF22557DF4}.Debug|Any CPU.Build.0 = Debug|Any CPU
		{F90DA276-C4BA-46F3-A1E6-10BF22557DF4}.Release|Any CPU.ActiveCfg = Release|Any CPU
		{F90DA276-C4BA-46F3-A1E6-10BF22557DF4}.Release|Any CPU.Build.0 = Release|Any CPU
		{D6218973-A43A-43CA-9CF7-0F58428930CB}.Debug|Any CPU.ActiveCfg = Debug|Any CPU
		{D6218973-A43A-43CA-9CF7-0F58428930CB}.Debug|Any CPU.Build.0 = Debug|Any CPU
		{D6218973-A43A-43CA-9CF7-0F58428930CB}.Release|Any CPU.ActiveCfg = Release|Any CPU
		{D6218973-A43A-43CA-9CF7-0F58428930CB}.Release|Any CPU.Build.0 = Release|Any CPU
		{7B351D53-010B-4806-81FA-73E7F273BC20}.Debug|Any CPU.ActiveCfg = Debug|Any CPU
		{7B351D53-010B-4806-81FA-73E7F273BC20}.Debug|Any CPU.Build.0 = Debug|Any CPU
		{7B351D53-010B-4806-81FA-73E7F273BC20}.Release|Any CPU.ActiveCfg = Release|Any CPU
		{7B351D53-010B-4806-81FA-73E7F273BC20}.Release|Any CPU.Build.0 = Release|Any CPU
		{57AB4AEB-1046-4C24-AB60-CC17D3E94ADD}.Debug|Any CPU.ActiveCfg = Debug|Any CPU
		{57AB4AEB-1046-4C24-AB60-CC17D3E94ADD}.Debug|Any CPU.Build.0 = Debug|Any CPU
		{57AB4AEB-1046-4C24-AB60-CC17D3E94ADD}.Release|Any CPU.ActiveCfg = Release|Any CPU
		{57AB4AEB-1046-4C24-AB60-CC17D3E94ADD}.Release|Any CPU.Build.0 = Release|Any CPU
		{9DA0C911-5221-4463-9DD1-4E53DA3C101B}.Debug|Any CPU.ActiveCfg = Debug|Any CPU
		{9DA0C911-5221-4463-9DD1-4E53DA3C101B}.Debug|Any CPU.Build.0 = Debug|Any CPU
		{9DA0C911-5221-4463-9DD1-4E53DA3C101B}.Release|Any CPU.ActiveCfg = Release|Any CPU
		{9DA0C911-5221-4463-9DD1-4E53DA3C101B}.Release|Any CPU.Build.0 = Release|Any CPU
		{57C5C797-8D08-489B-BDA7-7732E6BCA154}.Debug|Any CPU.ActiveCfg = Debug|Any CPU
		{57C5C797-8D08-489B-BDA7-7732E6BCA154}.Debug|Any CPU.Build.0 = Debug|Any CPU
		{57C5C797-8D08-489B-BDA7-7732E6BCA154}.Release|Any CPU.ActiveCfg = Release|Any CPU
		{57C5C797-8D08-489B-BDA7-7732E6BCA154}.Release|Any CPU.Build.0 = Release|Any CPU
		{58C746F5-1C63-4149-A8ED-9C17CA230063}.Debug|Any CPU.ActiveCfg = Debug|Any CPU
		{58C746F5-1C63-4149-A8ED-9C17CA230063}.Debug|Any CPU.Build.0 = Debug|Any CPU
		{58C746F5-1C63-4149-A8ED-9C17CA230063}.Release|Any CPU.ActiveCfg = Release|Any CPU
		{58C746F5-1C63-4149-A8ED-9C17CA230063}.Release|Any CPU.Build.0 = Release|Any CPU
		{1BA8C70B-7ACD-461F-A56B-4D84B0C56026}.Debug|Any CPU.ActiveCfg = Debug|Any CPU
		{1BA8C70B-7ACD-461F-A56B-4D84B0C56026}.Debug|Any CPU.Build.0 = Debug|Any CPU
		{1BA8C70B-7ACD-461F-A56B-4D84B0C56026}.Release|Any CPU.ActiveCfg = Release|Any CPU
		{1BA8C70B-7ACD-461F-A56B-4D84B0C56026}.Release|Any CPU.Build.0 = Release|Any CPU
		{72A17E3D-A0AD-4B5E-89D4-E8B462A825CA}.Debug|Any CPU.ActiveCfg = Debug|Any CPU
		{72A17E3D-A0AD-4B5E-89D4-E8B462A825CA}.Debug|Any CPU.Build.0 = Debug|Any CPU
		{72A17E3D-A0AD-4B5E-89D4-E8B462A825CA}.Release|Any CPU.ActiveCfg = Release|Any CPU
		{72A17E3D-A0AD-4B5E-89D4-E8B462A825CA}.Release|Any CPU.Build.0 = Release|Any CPU
		{27B9CEB5-084D-467F-AB0F-F922CD3A40F5}.Debug|Any CPU.ActiveCfg = Debug|Any CPU
		{27B9CEB5-084D-467F-AB0F-F922CD3A40F5}.Debug|Any CPU.Build.0 = Debug|Any CPU
		{27B9CEB5-084D-467F-AB0F-F922CD3A40F5}.Release|Any CPU.ActiveCfg = Release|Any CPU
		{27B9CEB5-084D-467F-AB0F-F922CD3A40F5}.Release|Any CPU.Build.0 = Release|Any CPU
		{191A0ADA-171B-4A88-A745-4A24542C9787}.Debug|Any CPU.ActiveCfg = Debug|Any CPU
		{191A0ADA-171B-4A88-A745-4A24542C9787}.Debug|Any CPU.Build.0 = Debug|Any CPU
		{191A0ADA-171B-4A88-A745-4A24542C9787}.Release|Any CPU.ActiveCfg = Release|Any CPU
		{191A0ADA-171B-4A88-A745-4A24542C9787}.Release|Any CPU.Build.0 = Release|Any CPU
		{92311DF9-94B6-4A63-BE84-F9507C22B64B}.Debug|Any CPU.ActiveCfg = Debug|Any CPU
		{92311DF9-94B6-4A63-BE84-F9507C22B64B}.Debug|Any CPU.Build.0 = Debug|Any CPU
		{92311DF9-94B6-4A63-BE84-F9507C22B64B}.Release|Any CPU.ActiveCfg = Release|Any CPU
		{92311DF9-94B6-4A63-BE84-F9507C22B64B}.Release|Any CPU.Build.0 = Release|Any CPU
		{F5B76E13-993E-4FB2-8F22-2ABA32BEED41}.Debug|Any CPU.ActiveCfg = Debug|Any CPU
		{F5B76E13-993E-4FB2-8F22-2ABA32BEED41}.Debug|Any CPU.Build.0 = Debug|Any CPU
		{F5B76E13-993E-4FB2-8F22-2ABA32BEED41}.Release|Any CPU.ActiveCfg = Release|Any CPU
		{F5B76E13-993E-4FB2-8F22-2ABA32BEED41}.Release|Any CPU.Build.0 = Release|Any CPU
		{E9DC43D8-C202-4E85-9BB3-EECE4D12D9FC}.Debug|Any CPU.ActiveCfg = Debug|Any CPU
		{E9DC43D8-C202-4E85-9BB3-EECE4D12D9FC}.Debug|Any CPU.Build.0 = Debug|Any CPU
		{E9DC43D8-C202-4E85-9BB3-EECE4D12D9FC}.Release|Any CPU.ActiveCfg = Release|Any CPU
		{E9DC43D8-C202-4E85-9BB3-EECE4D12D9FC}.Release|Any CPU.Build.0 = Release|Any CPU
		{AD4161CD-0C7C-40D5-A3DB-AC74DF7BC5D4}.Debug|Any CPU.ActiveCfg = Debug|Any CPU
		{AD4161CD-0C7C-40D5-A3DB-AC74DF7BC5D4}.Debug|Any CPU.Build.0 = Debug|Any CPU
		{AD4161CD-0C7C-40D5-A3DB-AC74DF7BC5D4}.Release|Any CPU.ActiveCfg = Release|Any CPU
		{AD4161CD-0C7C-40D5-A3DB-AC74DF7BC5D4}.Release|Any CPU.Build.0 = Release|Any CPU
		{696C5113-43C5-48C6-B7A0-3A05C73E773B}.Debug|Any CPU.ActiveCfg = Debug|Any CPU
		{696C5113-43C5-48C6-B7A0-3A05C73E773B}.Debug|Any CPU.Build.0 = Debug|Any CPU
		{696C5113-43C5-48C6-B7A0-3A05C73E773B}.Release|Any CPU.ActiveCfg = Release|Any CPU
		{696C5113-43C5-48C6-B7A0-3A05C73E773B}.Release|Any CPU.Build.0 = Release|Any CPU
		{B003DA1E-0D20-4B7C-A71D-221B869A32A4}.Debug|Any CPU.ActiveCfg = Debug|Any CPU
		{B003DA1E-0D20-4B7C-A71D-221B869A32A4}.Debug|Any CPU.Build.0 = Debug|Any CPU
		{B003DA1E-0D20-4B7C-A71D-221B869A32A4}.Release|Any CPU.ActiveCfg = Release|Any CPU
		{B003DA1E-0D20-4B7C-A71D-221B869A32A4}.Release|Any CPU.Build.0 = Release|Any CPU
		{728FECFB-5A4A-4DD8-8F41-9B1663BD99B5}.Debug|Any CPU.ActiveCfg = Debug|Any CPU
		{728FECFB-5A4A-4DD8-8F41-9B1663BD99B5}.Debug|Any CPU.Build.0 = Debug|Any CPU
		{728FECFB-5A4A-4DD8-8F41-9B1663BD99B5}.Release|Any CPU.ActiveCfg = Release|Any CPU
		{728FECFB-5A4A-4DD8-8F41-9B1663BD99B5}.Release|Any CPU.Build.0 = Release|Any CPU
		{CB01054D-3293-4040-B9F8-0F8BC0111615}.Debug|Any CPU.ActiveCfg = Debug|Any CPU
		{CB01054D-3293-4040-B9F8-0F8BC0111615}.Debug|Any CPU.Build.0 = Debug|Any CPU
		{CB01054D-3293-4040-B9F8-0F8BC0111615}.Release|Any CPU.ActiveCfg = Release|Any CPU
		{CB01054D-3293-4040-B9F8-0F8BC0111615}.Release|Any CPU.Build.0 = Release|Any CPU
		{DD30AC59-6757-4FCF-953D-76FCCE5A3B5F}.Debug|Any CPU.ActiveCfg = Debug|Any CPU
		{DD30AC59-6757-4FCF-953D-76FCCE5A3B5F}.Debug|Any CPU.Build.0 = Debug|Any CPU
		{DD30AC59-6757-4FCF-953D-76FCCE5A3B5F}.Release|Any CPU.ActiveCfg = Release|Any CPU
		{DD30AC59-6757-4FCF-953D-76FCCE5A3B5F}.Release|Any CPU.Build.0 = Release|Any CPU
	EndGlobalSection
	GlobalSection(SolutionProperties) = preSolution
		HideSolutionNode = FALSE
	EndGlobalSection
	GlobalSection(NestedProjects) = preSolution
		{BA4B6647-2103-4151-A4F2-60B2F3C034F2} = {D1E25498-F36C-48DA-8FC8-624EBC9D2B10}
		{F90DA276-C4BA-46F3-A1E6-10BF22557DF4} = {D1E25498-F36C-48DA-8FC8-624EBC9D2B10}
		{D6218973-A43A-43CA-9CF7-0F58428930CB} = {D1E25498-F36C-48DA-8FC8-624EBC9D2B10}
		{7B351D53-010B-4806-81FA-73E7F273BC20} = {D1E25498-F36C-48DA-8FC8-624EBC9D2B10}
		{57AB4AEB-1046-4C24-AB60-CC17D3E94ADD} = {D1E25498-F36C-48DA-8FC8-624EBC9D2B10}
		{DAB0A61A-B972-4421-A5C0-F11F5D07CA4E} = {C72904D3-52F2-4BBF-AFFA-5F260E87B172}
		{9DA0C911-5221-4463-9DD1-4E53DA3C101B} = {FFA4DF15-179B-409D-9AB8-5D2268E83257}
		{8050D28A-ED18-4F5E-97BA-89563650C916} = {C72904D3-52F2-4BBF-AFFA-5F260E87B172}
		{57C5C797-8D08-489B-BDA7-7732E6BCA154} = {41334EB7-A751-4126-A74C-74B43FAD9D10}
		{58C746F5-1C63-4149-A8ED-9C17CA230063} = {41334EB7-A751-4126-A74C-74B43FAD9D10}
		{1BA8C70B-7ACD-461F-A56B-4D84B0C56026} = {41334EB7-A751-4126-A74C-74B43FAD9D10}
		{72A17E3D-A0AD-4B5E-89D4-E8B462A825CA} = {5981CCD0-F085-480E-93F5-6F4BE7CBE0D7}
		{C1315EF8-0164-4F9D-8628-7D4C29A8E8E8} = {C72904D3-52F2-4BBF-AFFA-5F260E87B172}
		{F457C488-3E29-403D-8A71-33A5ED826343} = {C1315EF8-0164-4F9D-8628-7D4C29A8E8E8}
		{C8F859BB-1E65-4846-8F7D-8973143AB4A2} = {8050D28A-ED18-4F5E-97BA-89563650C916}
		{27B9CEB5-084D-467F-AB0F-F922CD3A40F5} = {C8F859BB-1E65-4846-8F7D-8973143AB4A2}
		{0C65795E-A6D8-4B98-9FD4-39AA1DB1ED8A} = {DAB0A61A-B972-4421-A5C0-F11F5D07CA4E}
		{191A0ADA-171B-4A88-A745-4A24542C9787} = {0C65795E-A6D8-4B98-9FD4-39AA1DB1ED8A}
		{92311DF9-94B6-4A63-BE84-F9507C22B64B} = {C8F859BB-1E65-4846-8F7D-8973143AB4A2}
		{F5B76E13-993E-4FB2-8F22-2ABA32BEED41} = {C8F859BB-1E65-4846-8F7D-8973143AB4A2}
		{E9DC43D8-C202-4E85-9BB3-EECE4D12D9FC} = {F457C488-3E29-403D-8A71-33A5ED826343}
		{AD4161CD-0C7C-40D5-A3DB-AC74DF7BC5D4} = {F457C488-3E29-403D-8A71-33A5ED826343}
		{696C5113-43C5-48C6-B7A0-3A05C73E773B} = {F457C488-3E29-403D-8A71-33A5ED826343}
		{B003DA1E-0D20-4B7C-A71D-221B869A32A4} = {ACC23993-CFA9-4F32-8B32-F2117E939181}
		{D1BC1617-8AC3-44AE-8B7A-0791217E6980} = {C72904D3-52F2-4BBF-AFFA-5F260E87B172}
		{BB629354-0A69-4D42-81D1-9211D6B6A012} = {D1BC1617-8AC3-44AE-8B7A-0791217E6980}
		{728FECFB-5A4A-4DD8-8F41-9B1663BD99B5} = {BB629354-0A69-4D42-81D1-9211D6B6A012}
		{CB01054D-3293-4040-B9F8-0F8BC0111615} = {BB629354-0A69-4D42-81D1-9211D6B6A012}
		{DD30AC59-6757-4FCF-953D-76FCCE5A3B5F} = {BB629354-0A69-4D42-81D1-9211D6B6A012}
	EndGlobalSection
	GlobalSection(ExtensibilityGlobals) = postSolution
		SolutionGuid = {D1A0E135-6C1C-4384-8761-A8AF8E3EE9A3}
	EndGlobalSection
EndGlobal
